
Microsoft Visual Studio Solution File, Format Version 12.00
# Visual Studio Version 17
VisualStudioVersion = 17.6.33815.320
MinimumVisualStudioVersion = 10.0.40219.1
Project("{FAE04EC0-301F-11D3-BF4B-00C04F79EFBC}") = "Wildfire.Api", "src\Wildfire.Api\Wildfire.Api.csproj", "{7B887E04-798F-4024-BB63-2C31F9B315D1}"
EndProject
Global
	GlobalSection(SolutionConfigurationPlatforms) = preSolution
		Debug|Any CPU = Debug|Any CPU
		Release|Any CPU = Release|Any CPU
	EndGlobalSection
	GlobalSection(ProjectConfigurationPlatforms) = postSolution
		{7B887E04-798F-4024-BB63-2C31F9B315D1}.Debug|Any CPU.ActiveCfg = Debug|Any CPU
		{7B887E04-798F-4024-BB63-2C31F9B315D1}.Debug|Any CPU.Build.0 = Debug|Any CPU
		{7B887E04-798F-4024-BB63-2C31F9B315D1}.Release|Any CPU.ActiveCfg = Release|Any CPU
		{7B887E04-798F-4024-BB63-2C31F9B315D1}.Release|Any CPU.Build.0 = Release|Any CPU
	EndGlobalSection
	GlobalSection(SolutionProperties) = preSolution
		HideSolutionNode = FALSE
	EndGlobalSection
	GlobalSection(ExtensibilityGlobals) = postSolution
		SolutionGuid = {35E3A90F-FEA2-4D8A-82E6-0502CFD1F6DC}
	EndGlobalSection
EndGlobal
